
Microsoft Visual Studio Solution File, Format Version 12.00
# Visual Studio Version 16
VisualStudioVersion = 16.0.30413.136
MinimumVisualStudioVersion = 10.0.40219.1
Project("{FAE04EC0-301F-11D3-BF4B-00C04F79EFBC}") = "QuanlySach", "QuanlySach\QuanlySach.csproj", "{5A396F4F-35DA-45DA-94C1-AC746D6AFFEE}"
EndProject
Global
	GlobalSection(SolutionConfigurationPlatforms) = preSolution
		Debug|Any CPU = Debug|Any CPU
		Release|Any CPU = Release|Any CPU
	EndGlobalSection
	GlobalSection(ProjectConfigurationPlatforms) = postSolution
		{5A396F4F-35DA-45DA-94C1-AC746D6AFFEE}.Debug|Any CPU.ActiveCfg = Debug|Any CPU
		{5A396F4F-35DA-45DA-94C1-AC746D6AFFEE}.Debug|Any CPU.Build.0 = Debug|Any CPU
		{5A396F4F-35DA-45DA-94C1-AC746D6AFFEE}.Release|Any CPU.ActiveCfg = Release|Any CPU
		{5A396F4F-35DA-45DA-94C1-AC746D6AFFEE}.Release|Any CPU.Build.0 = Release|Any CPU
	EndGlobalSection
	GlobalSection(SolutionProperties) = preSolution
		HideSolutionNode = FALSE
	EndGlobalSection
	GlobalSection(ExtensibilityGlobals) = postSolution
		SolutionGuid = {06F965DB-4EEE-4FCC-8EA4-00E7C129DFD5}
	EndGlobalSection
EndGlobal
